Microsoft Visual Studio Solution File, Format Version 12.00
# Visual Studio Version 17
VisualStudioVersion = 17.11.35327.3
MinimumVisualStudioVersion = 10.0.40219.1
Project("{2150E333-8FDC-42A3-9474-1A3956D46DE8}") = "Solution Items", "Solution Items", "{98873E5F-BA9F-42CD-B394-095470718F21}"
	ProjectSection(SolutionItems) = preProject
		Directory.Build.props = Directory.Build.props
		Directory.Build.targets = Directory.Build.targets
		Directory.Packages.props = Directory.Packages.props
	EndProjectSection
EndProject
Project("{FAE04EC0-301F-11D3-BF4B-00C04F79EFBC}") = "Cotopaxi.Cosmos.Packaging", "src\Cotopaxi.Cosmos.Packaging\Cotopaxi.Cosmos.Packaging.csproj", "{2F587918-420C-4700-8927-026065B5C970}"
EndProject
Project("{FAE04EC0-301F-11D3-BF4B-00C04F79EFBC}") = "Cotopaxi.Cosmos.Packaging.UnitTests", "src\Cotopaxi.Cosmos.Packaging.UnitTests\Cotopaxi.Cosmos.Packaging.UnitTests.csproj", "{F666E77A-57CB-4DA7-BAE1-873C7CD5A89D}"
EndProject
Project("{9A19103F-16F7-4668-BE54-9A1E7A4F7556}") = "Cotopaxi.Cosmos.PackageManagement", "src\Cotopaxi.Cosmos.PackageManagement\Cotopaxi.Cosmos.PackageManagement.csproj", "{B5E339BE-B64A-4D3B-8747-382EC0DC8AFA}"
EndProject
Project("{9A19103F-16F7-4668-BE54-9A1E7A4F7556}") = "Cotopaxi.Cosmos.PackageManagement.AppHost", "src\Cotopaxi.Cosmos.PackageManagement.AppHost\Cotopaxi.Cosmos.PackageManagement.AppHost.csproj", "{2D576F88-38F4-4659-AB6F-EC78D9BA0B62}"
EndProject
Project("{FAE04EC0-301F-11D3-BF4B-00C04F79EFBC}") = "Cotopaxi.Cosmos.PackageManagement.UnitTests", "src\Cotopaxi.Cosmos.PackageManagement.UnitTests\Cotopaxi.Cosmos.PackageManagement.UnitTests.csproj", "{A4640E17-7F47-40E4-90AB-2E3BB8C057A7}"
EndProject
Global
	GlobalSection(SolutionConfigurationPlatforms) = preSolution
		Debug|Any CPU = Debug|Any CPU
		Release|Any CPU = Release|Any CPU
	EndGlobalSection
	GlobalSection(ProjectConfigurationPlatforms) = postSolution
		{2F587918-420C-4700-8927-026065B5C970}.Debug|Any CPU.ActiveCfg = Debug|Any CPU
		{2F587918-420C-4700-8927-026065B5C970}.Debug|Any CPU.Build.0 = Debug|Any CPU
		{2F587918-420C-4700-8927-026065B5C970}.Release|Any CPU.ActiveCfg = Release|Any CPU
		{2F587918-420C-4700-8927-026065B5C970}.Release|Any CPU.Build.0 = Release|Any CPU
		{F666E77A-57CB-4DA7-BAE1-873C7CD5A89D}.Debug|Any CPU.ActiveCfg = Debug|Any CPU
		{F666E77A-57CB-4DA7-BAE1-873C7CD5A89D}.Debug|Any CPU.Build.0 = Debug|Any CPU
		{F666E77A-57CB-4DA7-BAE1-873C7CD5A89D}.Release|Any CPU.ActiveCfg = Release|Any CPU
		{F666E77A-57CB-4DA7-BAE1-873C7CD5A89D}.Release|Any CPU.Build.0 = Release|Any CPU
		{B5E339BE-B64A-4D3B-8747-382EC0DC8AFA}.Debug|Any CPU.ActiveCfg = Debug|Any CPU
		{B5E339BE-B64A-4D3B-8747-382EC0DC8AFA}.Debug|Any CPU.Build.0 = Debug|Any CPU
		{B5E339BE-B64A-4D3B-8747-382EC0DC8AFA}.Release|Any CPU.ActiveCfg = Release|Any CPU
		{B5E339BE-B64A-4D3B-8747-382EC0DC8AFA}.Release|Any CPU.Build.0 = Release|Any CPU
		{2D576F88-38F4-4659-AB6F-EC78D9BA0B62}.Debug|Any CPU.ActiveCfg = Debug|Any CPU
		{2D576F88-38F4-4659-AB6F-EC78D9BA0B62}.Debug|Any CPU.Build.0 = Debug|Any CPU
		{2D576F88-38F4-4659-AB6F-EC78D9BA0B62}.Release|Any CPU.ActiveCfg = Release|Any CPU
		{2D576F88-38F4-4659-AB6F-EC78D9BA0B62}.Release|Any CPU.Build.0 = Release|Any CPU
		{A4640E17-7F47-40E4-90AB-2E3BB8C057A7}.Debug|Any CPU.ActiveCfg = Debug|Any CPU
		{A4640E17-7F47-40E4-90AB-2E3BB8C057A7}.Debug|Any CPU.Build.0 = Debug|Any CPU
		{A4640E17-7F47-40E4-90AB-2E3BB8C057A7}.Release|Any CPU.ActiveCfg = Release|Any CPU
		{A4640E17-7F47-40E4-90AB-2E3BB8C057A7}.Release|Any CPU.Build.0 = Release|Any CPU
	EndGlobalSection
	GlobalSection(SolutionProperties) = preSolution
		HideSolutionNode = FALSE
	EndGlobalSection
	GlobalSection(ExtensibilityGlobals) = postSolution
		SolutionGuid = {F9A06C30-A4FB-4C4B-AF63-BF0F6FD1C152}
	EndGlobalSection
EndGlobal
